
Microsoft Visual Studio Solution File, Format Version 12.00
# Visual Studio Version 17
VisualStudioVersion = 17.6.33815.320
MinimumVisualStudioVersion = 10.0.40219.1
Project("{FAE04EC0-301F-11D3-BF4B-00C04F79EFBC}") = "CrsSoftBlogProject", "CrsSoftBlogProject\CrsSoftBlogProject.csproj", "{BFC2185A-53F3-4CBF-907F-FC36B7A1F152}"
EndProject
Global
	GlobalSection(SolutionConfigurationPlatforms) = preSolution
		Debug|Any CPU = Debug|Any CPU
		Release|Any CPU = Release|Any CPU
	EndGlobalSection
	GlobalSection(ProjectConfigurationPlatforms) = postSolution
		{BFC2185A-53F3-4CBF-907F-FC36B7A1F152}.Debug|Any CPU.ActiveCfg = Debug|Any CPU
		{BFC2185A-53F3-4CBF-907F-FC36B7A1F152}.Debug|Any CPU.Build.0 = Debug|Any CPU
		{BFC2185A-53F3-4CBF-907F-FC36B7A1F152}.Release|Any CPU.ActiveCfg = Release|Any CPU
		{BFC2185A-53F3-4CBF-907F-FC36B7A1F152}.Release|Any CPU.Build.0 = Release|Any CPU
	EndGlobalSection
	GlobalSection(SolutionProperties) = preSolution
		HideSolutionNode = FALSE
	EndGlobalSection
	GlobalSection(ExtensibilityGlobals) = postSolution
		SolutionGuid = {3664FF71-6645-4660-85C8-31B336C17EF0}
	EndGlobalSection
EndGlobal
